
Microsoft Visual Studio Solution File, Format Version 12.00
# Visual Studio Version 17
VisualStudioVersion = 17.0.31903.59
MinimumVisualStudioVersion = 10.0.40219.1
Project("{2150E333-8FDC-42A3-9474-1A3956D46DE8}") = "src", "src", "{827E0CD3-B72D-47B6-A68D-7590B98EB39B}"
EndProject
Project("{FAE04EC0-301F-11D3-BF4B-00C04F79EFBC}") = "VietPropEstate.Domain", "src\VietPropEstate.Domain\VietPropEstate.Domain.csproj", "{328676B6-FFBA-48C8-BEF5-074ABFE3673B}"
EndProject
Project("{FAE04EC0-301F-11D3-BF4B-00C04F79EFBC}") = "VietPropEstate.Application", "src\VietPropEstate.Application\VietPropEstate.Application.csproj", "{6B524587-73CB-4B5C-AD56-C11F5BE98EDA}"
EndProject
Project("{FAE04EC0-301F-11D3-BF4B-00C04F79EFBC}") = "VietPropEstate.Infrastructure", "src\VietPropEstate.Infrastructure\VietPropEstate.Infrastructure.csproj", "{AE3DC851-7B5D-4A0F-B4A0-475628D14C46}"
EndProject
Project("{FAE04EC0-301F-11D3-BF4B-00C04F79EFBC}") = "VietPropEstate.WebAPI", "src\VietPropEstate.WebAPI\VietPropEstate.WebAPI.csproj", "{A0586AD5-CD45-4436-9A24-BF39DB9F71AD}"
EndProject
Project("{FAE04EC0-301F-11D3-BF4B-00C04F79EFBC}") = "VietPropEstate.BlazorUI", "src\VietPropEstate.BlazorUI\VietPropEstate.BlazorUI.csproj", "{1D7B4CCA-BEEF-41C2-ADA1-D608F310B274}"
EndProject
Project("{2150E333-8FDC-42A3-9474-1A3956D46DE8}") = "tests", "tests", "{0AB3BF05-4346-4AA6-1389-037BE0695223}"
EndProject
Project("{FAE04EC0-301F-11D3-BF4B-00C04F79EFBC}") = "VietPropEstate.Tests", "tests\VietPropEstate.Tests\VietPropEstate.Tests.csproj", "{6C0A403A-48BD-4883-8931-14FDCB98DC2A}"
EndProject
Project("{FAE04EC0-301F-11D3-BF4B-00C04F79EFBC}") = "VietPropEstate.IntegrationTests", "tests\VietPropEstate.IntegrationTests\VietPropEstate.IntegrationTests.csproj", "{8D9CF2BE-E424-49F4-9BDB-9583CEB9DA25}"
EndProject
Global
	GlobalSection(SolutionConfigurationPlatforms) = preSolution
		Debug|Any CPU = Debug|Any CPU
		Debug|x64 = Debug|x64
		Debug|x86 = Debug|x86
		Release|Any CPU = Release|Any CPU
		Release|x64 = Release|x64
		Release|x86 = Release|x86
	EndGlobalSection
	GlobalSection(ProjectConfigurationPlatforms) = postSolution
		{328676B6-FFBA-48C8-BEF5-074ABFE3673B}.Debug|Any CPU.ActiveCfg = Debug|Any CPU
		{328676B6-FFBA-48C8-BEF5-074ABFE3673B}.Debug|Any CPU.Build.0 = Debug|Any CPU
		{328676B6-FFBA-48C8-BEF5-074ABFE3673B}.Debug|x64.ActiveCfg = Debug|Any CPU
		{328676B6-FFBA-48C8-BEF5-074ABFE3673B}.Debug|x64.Build.0 = Debug|Any CPU
		{328676B6-FFBA-48C8-BEF5-074ABFE3673B}.Debug|x86.ActiveCfg = Debug|Any CPU
		{328676B6-FFBA-48C8-BEF5-074ABFE3673B}.Debug|x86.Build.0 = Debug|Any CPU
		{328676B6-FFBA-48C8-BEF5-074ABFE3673B}.Release|Any CPU.ActiveCfg = Release|Any CPU
		{328676B6-FFBA-48C8-BEF5-074ABFE3673B}.Release|Any CPU.Build.0 = Release|Any CPU
		{328676B6-FFBA-48C8-BEF5-074ABFE3673B}.Release|x64.ActiveCfg = Release|Any CPU
		{328676B6-FFBA-48C8-BEF5-074ABFE3673B}.Release|x64.Build.0 = Release|Any CPU
		{328676B6-FFBA-48C8-BEF5-074ABFE3673B}.Release|x86.ActiveCfg = Release|Any CPU
		{328676B6-FFBA-48C8-BEF5-074ABFE3673B}.Release|x86.Build.0 = Release|Any CPU
		{6B524587-73CB-4B5C-AD56-C11F5BE98EDA}.Debug|Any CPU.ActiveCfg = Debug|Any CPU
		{6B524587-73CB-4B5C-AD56-C11F5BE98EDA}.Debug|Any CPU.Build.0 = Debug|Any CPU
		{6B524587-73CB-4B5C-AD56-C11F5BE98EDA}.Debug|x64.ActiveCfg = Debug|Any CPU
		{6B524587-73CB-4B5C-AD56-C11F5BE98EDA}.Debug|x64.Build.0 = Debug|Any CPU
		{6B524587-73CB-4B5C-AD56-C11F5BE98EDA}.Debug|x86.ActiveCfg = Debug|Any CPU
		{6B524587-73CB-4B5C-AD56-C11F5BE98EDA}.Debug|x86.Build.0 = Debug|Any CPU
		{6B524587-73CB-4B5C-AD56-C11F5BE98EDA}.Release|Any CPU.ActiveCfg = Release|Any CPU
		{6B524587-73CB-4B5C-AD56-C11F5BE98EDA}.Release|Any CPU.Build.0 = Release|Any CPU
		{6B524587-73CB-4B5C-AD56-C11F5BE98EDA}.Release|x64.ActiveCfg = Release|Any CPU
		{6B524587-73CB-4B5C-AD56-C11F5BE98EDA}.Release|x64.Build.0 = Release|Any CPU
		{6B524587-73CB-4B5C-AD56-C11F5BE98EDA}.Release|x86.ActiveCfg = Release|Any CPU
		{6B524587-73CB-4B5C-AD56-C11F5BE98EDA}.Release|x86.Build.0 = Release|Any CPU
		{AE3DC851-7B5D-4A0F-B4A0-475628D14C46}.Debug|Any CPU.ActiveCfg = Debug|Any CPU
		{AE3DC851-7B5D-4A0F-B4A0-475628D14C46}.Debug|Any CPU.Build.0 = Debug|Any CPU
		{AE3DC851-7B5D-4A0F-B4A0-475628D14C46}.Debug|x64.ActiveCfg = Debug|Any CPU
		{AE3DC851-7B5D-4A0F-B4A0-475628D14C46}.Debug|x64.Build.0 = Debug|Any CPU
		{AE3DC851-7B5D-4A0F-B4A0-475628D14C46}.Debug|x86.ActiveCfg = Debug|Any CPU
		{AE3DC851-7B5D-4A0F-B4A0-475628D14C46}.Debug|x86.Build.0 = Debug|Any CPU
		{AE3DC851-7B5D-4A0F-B4A0-475628D14C46}.Release|Any CPU.ActiveCfg = Release|Any CPU
		{AE3DC851-7B5D-4A0F-B4A0-475628D14C46}.Release|Any CPU.Build.0 = Release|Any CPU
		{AE3DC851-7B5D-4A0F-B4A0-475628D14C46}.Release|x64.ActiveCfg = Release|Any CPU
		{AE3DC851-7B5D-4A0F-B4A0-475628D14C46}.Release|x64.Build.0 = Release|Any CPU
		{AE3DC851-7B5D-4A0F-B4A0-475628D14C46}.Release|x86.ActiveCfg = Release|Any CPU
		{AE3DC851-7B5D-4A0F-B4A0-475628D14C46}.Release|x86.Build.0 = Release|Any CPU
		{A0586AD5-CD45-4436-9A24-BF39DB9F71AD}.Debug|Any CPU.ActiveCfg = Debug|Any CPU
		{A0586AD5-CD45-4436-9A24-BF39DB9F71AD}.Debug|Any CPU.Build.0 = Debug|Any CPU
		{A0586AD5-CD45-4436-9A24-BF39DB9F71AD}.Debug|x64.ActiveCfg = Debug|Any CPU
		{A0586AD5-CD45-4436-9A24-BF39DB9F71AD}.Debug|x64.Build.0 = Debug|Any CPU
		{A0586AD5-CD45-4436-9A24-BF39DB9F71AD}.Debug|x86.ActiveCfg = Debug|Any CPU
		{A0586AD5-CD45-4436-9A24-BF39DB9F71AD}.Debug|x86.Build.0 = Debug|Any CPU
		{A0586AD5-CD45-4436-9A24-BF39DB9F71AD}.Release|Any CPU.ActiveCfg = Release|Any CPU
		{A0586AD5-CD45-4436-9A24-BF39DB9F71AD}.Release|Any CPU.Build.0 = Release|Any CPU
		{A0586AD5-CD45-4436-9A24-BF39DB9F71AD}.Release|x64.ActiveCfg = Release|Any CPU
		{A0586AD5-CD45-4436-9A24-BF39DB9F71AD}.Release|x64.Build.0 = Release|Any CPU
		{A0586AD5-CD45-4436-9A24-BF39DB9F71AD}.Release|x86.ActiveCfg = Release|Any CPU
		{A0586AD5-CD45-4436-9A24-BF39DB9F71AD}.Release|x86.Build.0 = Release|Any CPU
		{1D7B4CCA-BEEF-41C2-ADA1-D608F310B274}.Debug|Any CPU.ActiveCfg = Debug|Any CPU
		{1D7B4CCA-BEEF-41C2-ADA1-D608F310B274}.Debug|Any CPU.Build.0 = Debug|Any CPU
		{1D7B4CCA-BEEF-41C2-ADA1-D608F310B274}.Debug|x64.ActiveCfg = Debug|Any CPU
		{1D7B4CCA-BEEF-41C2-ADA1-D608F310B274}.Debug|x64.Build.0 = Debug|Any CPU
		{1D7B4CCA-BEEF-41C2-ADA1-D608F310B274}.Debug|x86.ActiveCfg = Debug|Any CPU
		{1D7B4CCA-BEEF-41C2-ADA1-D608F310B274}.Debug|x86.Build.0 = Debug|Any CPU
		{1D7B4CCA-BEEF-41C2-ADA1-D608F310B274}.Release|Any CPU.ActiveCfg = Release|Any CPU
		{1D7B4CCA-BEEF-41C2-ADA1-D608F310B274}.Release|Any CPU.Build.0 = Release|Any CPU
		{1D7B4CCA-BEEF-41C2-ADA1-D608F310B274}.Release|x64.ActiveCfg = Release|Any CPU
		{1D7B4CCA-BEEF-41C2-ADA1-D608F310B274}.Release|x64.Build.0 = Release|Any CPU
		{1D7B4CCA-BEEF-41C2-ADA1-D608F310B274}.Release|x86.ActiveCfg = Release|Any CPU
		{1D7B4CCA-BEEF-41C2-ADA1-D608F310B274}.Release|x86.Build.0 = Release|Any CPU
		{6C0A403A-48BD-4883-8931-14FDCB98DC2A}.Debug|Any CPU.ActiveCfg = Debug|Any CPU
		{6C0A403A-48BD-4883-8931-14FDCB98DC2A}.Debug|Any CPU.Build.0 = Debug|Any CPU
		{6C0A403A-48BD-4883-8931-14FDCB98DC2A}.Debug|x64.ActiveCfg = Debug|Any CPU
		{6C0A403A-48BD-4883-8931-14FDCB98DC2A}.Debug|x64.Build.0 = Debug|Any CPU
		{6C0A403A-48BD-4883-8931-14FDCB98DC2A}.Debug|x86.ActiveCfg = Debug|Any CPU
		{6C0A403A-48BD-4883-8931-14FDCB98DC2A}.Debug|x86.Build.0 = Debug|Any CPU
		{6C0A403A-48BD-4883-8931-14FDCB98DC2A}.Release|Any CPU.ActiveCfg = Release|Any CPU
		{6C0A403A-48BD-4883-8931-14FDCB98DC2A}.Release|Any CPU.Build.0 = Release|Any CPU
		{6C0A403A-48BD-4883-8931-14FDCB98DC2A}.Release|x64.ActiveCfg = Release|Any CPU
		{6C0A403A-48BD-4883-8931-14FDCB98DC2A}.Release|x64.Build.0 = Release|Any CPU
		{6C0A403A-48BD-4883-8931-14FDCB98DC2A}.Release|x86.ActiveCfg = Release|Any CPU
		{6C0A403A-48BD-4883-8931-14FDCB98DC2A}.Release|x86.Build.0 = Release|Any CPU
		{8D9CF2BE-E424-49F4-9BDB-9583CEB9DA25}.Debug|Any CPU.ActiveCfg = Debug|Any CPU
		{8D9CF2BE-E424-49F4-9BDB-9583CEB9DA25}.Debug|Any CPU.Build.0 = Debug|Any CPU
		{8D9CF2BE-E424-49F4-9BDB-9583CEB9DA25}.Debug|x64.ActiveCfg = Debug|Any CPU
		{8D9CF2BE-E424-49F4-9BDB-9583CEB9DA25}.Debug|x64.Build.0 = Debug|Any CPU
		{8D9CF2BE-E424-49F4-9BDB-9583CEB9DA25}.Debug|x86.ActiveCfg = Debug|Any CPU
		{8D9CF2BE-E424-49F4-9BDB-9583CEB9DA25}.Debug|x86.Build.0 = Debug|Any CPU
		{8D9CF2BE-E424-49F4-9BDB-9583CEB9DA25}.Release|Any CPU.ActiveCfg = Release|Any CPU
		{8D9CF2BE-E424-49F4-9BDB-9583CEB9DA25}.Release|Any CPU.Build.0 = Release|Any CPU
		{8D9CF2BE-E424-49F4-9BDB-9583CEB9DA25}.Release|x64.ActiveCfg = Release|Any CPU
		{8D9CF2BE-E424-49F4-9BDB-9583CEB9DA25}.Release|x64.Build.0 = Release|Any CPU
		{8D9CF2BE-E424-49F4-9BDB-9583CEB9DA25}.Release|x86.ActiveCfg = Release|Any CPU
		{8D9CF2BE-E424-49F4-9BDB-9583CEB9DA25}.Release|x86.Build.0 = Release|Any CPU
	EndGlobalSection
	GlobalSection(SolutionProperties) = preSolution
		HideSolutionNode = FALSE
	EndGlobalSection
	GlobalSection(NestedProjects) = preSolution
		{328676B6-FFBA-48C8-BEF5-074ABFE3673B} = {827E0CD3-B72D-47B6-A68D-7590B98EB39B}
		{6B524587-73CB-4B5C-AD56-C11F5BE98EDA} = {827E0CD3-B72D-47B6-A68D-7590B98EB39B}
		{AE3DC851-7B5D-4A0F-B4A0-475628D14C46} = {827E0CD3-B72D-47B6-A68D-7590B98EB39B}
		{A0586AD5-CD45-4436-9A24-BF39DB9F71AD} = {827E0CD3-B72D-47B6-A68D-7590B98EB39B}
		{1D7B4CCA-BEEF-41C2-ADA1-D608F310B274} = {827E0CD3-B72D-47B6-A68D-7590B98EB39B}
		{6C0A403A-48BD-4883-8931-14FDCB98DC2A} = {0AB3BF05-4346-4AA6-1389-037BE0695223}
		{8D9CF2BE-E424-49F4-9BDB-9583CEB9DA25} = {0AB3BF05-4346-4AA6-1389-037BE0695223}
	EndGlobalSection
EndGlobal
